
Microsoft Visual Studio Solution File, Format Version 12.00
# Visual Studio 14
VisualStudioVersion = 14.0.25420.1
MinimumVisualStudioVersion = 10.0.40219.1
Project("{FAE04EC0-301F-11D3-BF4B-00C04F79EFBC}") = "KitchenDataService", "KitchenDataService\KitchenDataService.csproj", "{3B304CE9-E61A-4416-B089-2F940739663E}"
EndProject
Project("{FAE04EC0-301F-11D3-BF4B-00C04F79EFBC}") = "KitchenApplication", "KitchenApplication\KitchenApplication.csproj", "{D085C183-84FD-45DE-91ED-E9AF231A5E13}"
	ProjectSection(ProjectDependencies) = postProject
		{3B304CE9-E61A-4416-B089-2F940739663E} = {3B304CE9-E61A-4416-B089-2F940739663E}
	EndProjectSection
EndProject
Global
	GlobalSection(SolutionConfigurationPlatforms) = preSolution
		Debug|Any CPU = Debug|Any CPU
		Release|Any CPU = Release|Any CPU
	EndGlobalSection
	GlobalSection(ProjectConfigurationPlatforms) = postSolution
		{3B304CE9-E61A-4416-B089-2F940739663E}.Debug|Any CPU.ActiveCfg = Debug|Any CPU
		{3B304CE9-E61A-4416-B089-2F940739663E}.Debug|Any CPU.Build.0 = Debug|Any CPU
		{3B304CE9-E61A-4416-B089-2F940739663E}.Release|Any CPU.ActiveCfg = Release|Any CPU
		{3B304CE9-E61A-4416-B089-2F940739663E}.Release|Any CPU.Build.0 = Release|Any CPU
		{D085C183-84FD-45DE-91ED-E9AF231A5E13}.Debug|Any CPU.ActiveCfg = Debug|Any CPU
		{D085C183-84FD-45DE-91ED-E9AF231A5E13}.Debug|Any CPU.Build.0 = Debug|Any CPU
		{D085C183-84FD-45DE-91ED-E9AF231A5E13}.Release|Any CPU.ActiveCfg = Release|Any CPU
		{D085C183-84FD-45DE-91ED-E9AF231A5E13}.Release|Any CPU.Build.0 = Release|Any CPU
	EndGlobalSection
	GlobalSection(SolutionProperties) = preSolution
		HideSolutionNode = FALSE
	EndGlobalSection
EndGlobal
